
Microsoft Visual Studio Solution File, Format Version 12.00
# Visual Studio 15
VisualStudioVersion = 15.0.27130.2026
MinimumVisualStudioVersion = 10.0.40219.1
Project("{F2A71F9B-5D33-465A-A702-920D77279786}") = "App", "App\App.fsproj", "{A13F82E6-ABE9-4473-8F42-A178D8635692}"
EndProject
Global
	GlobalSection(SolutionConfigurationPlatforms) = preSolution
		Debug|Any CPU = Debug|Any CPU
		Release|Any CPU = Release|Any CPU
	EndGlobalSection
	GlobalSection(ProjectConfigurationPlatforms) = postSolution
		{A13F82E6-ABE9-4473-8F42-A178D8635692}.Debug|Any CPU.ActiveCfg = Debug|Any CPU
		{A13F82E6-ABE9-4473-8F42-A178D8635692}.Debug|Any CPU.Build.0 = Debug|Any CPU
		{A13F82E6-ABE9-4473-8F42-A178D8635692}.Release|Any CPU.ActiveCfg = Release|Any CPU
		{A13F82E6-ABE9-4473-8F42-A178D8635692}.Release|Any CPU.Build.0 = Release|Any CPU
	EndGlobalSection
	GlobalSection(SolutionProperties) = preSolution
		HideSolutionNode = FALSE
	EndGlobalSection
	GlobalSection(ExtensibilityGlobals) = postSolution
		SolutionGuid = {5C823E79-F23D-47A2-A04E-7E74D786DECE}
	EndGlobalSection
EndGlobal
