
Microsoft Visual Studio Solution File, Format Version 12.00
# Visual Studio 15
VisualStudioVersion = 15.0.27130.2026
MinimumVisualStudioVersion = 10.0.40219.1
Project("{F2A71F9B-5D33-465A-A702-920D77279786}") = "ex001_multiples_of_3_and_5", "ex001_multiples_of_3_and_5\ex001_multiples_of_3_and_5.fsproj", "{38FF06E7-E539-4817-8C5F-4306C5009CD8}"
EndProject
Project("{F2A71F9B-5D33-465A-A702-920D77279786}") = "ex002_even_fibonacci_numbers", "ex002_even_fibonacci_numbers\ex002_even_fibonacci_numbers.fsproj", "{83F16FEE-04EB-4B42-B2D2-77064A6A162A}"
EndProject
Project("{F2A71F9B-5D33-465A-A702-920D77279786}") = "ex003_largest_prime_factor", "ex003_largest_prime_factor\ex003_largest_prime_factor.fsproj", "{EDFE1263-9B36-4610-891A-E11ECB75E229}"
EndProject
Project("{F2A71F9B-5D33-465A-A702-920D77279786}") = "ex004_largest_palindrome_product", "ex004_largest_palindrome_product\ex004_largest_palindrome_product.fsproj", "{EB9D377F-C7F9-4126-9A2F-82587F419405}"
EndProject
Project("{F2A71F9B-5D33-465A-A702-920D77279786}") = "ex005_smallest_multiple", "ex005_smallest_multiple\ex005_smallest_multiple.fsproj", "{4A9FA756-03BE-4321-A807-84BDEF9D623A}"
EndProject
Project("{F2A71F9B-5D33-465A-A702-920D77279786}") = "ex006_sum_square_difference", "ex006_sum_square_difference\ex006_sum_square_difference.fsproj", "{299DA28F-D3E4-4B63-AD1F-474B145707BD}"
EndProject
Project("{F2A71F9B-5D33-465A-A702-920D77279786}") = "ex007_10001st_prime", "ex007_10001st_prime\ex007_10001st_prime.fsproj", "{94833214-902F-49B0-8A4C-F5367F0BD099}"
EndProject
Project("{F2A71F9B-5D33-465A-A702-920D77279786}") = "ex008_largest_product_in_a_series", "ex008_largest_product_in_a_series\ex008_largest_product_in_a_series.fsproj", "{A2E95414-5C31-4A6A-8831-FBF3DFD653B8}"
EndProject
Project("{F2A71F9B-5D33-465A-A702-920D77279786}") = "ex009_special_pythagorean_triplet", "ex009_special_pythagorean_triplet\ex009_special_pythagorean_triplet.fsproj", "{E6C5EE64-13A5-41A5-BAE9-EDD2AE7AE1BC}"
EndProject
Project("{F2A71F9B-5D33-465A-A702-920D77279786}") = "ex010_summation_of_primes", "ex010_summation_of_primes\ex010_summation_of_primes.fsproj", "{E628D053-ED6F-48FA-9154-AE07BA21DC75}"
EndProject
Global
	GlobalSection(SolutionConfigurationPlatforms) = preSolution
		Debug|Any CPU = Debug|Any CPU
		Release|Any CPU = Release|Any CPU
	EndGlobalSection
	GlobalSection(ProjectConfigurationPlatforms) = postSolution
		{38FF06E7-E539-4817-8C5F-4306C5009CD8}.Debug|Any CPU.ActiveCfg = Debug|Any CPU
		{38FF06E7-E539-4817-8C5F-4306C5009CD8}.Debug|Any CPU.Build.0 = Debug|Any CPU
		{38FF06E7-E539-4817-8C5F-4306C5009CD8}.Release|Any CPU.ActiveCfg = Release|Any CPU
		{38FF06E7-E539-4817-8C5F-4306C5009CD8}.Release|Any CPU.Build.0 = Release|Any CPU
		{83F16FEE-04EB-4B42-B2D2-77064A6A162A}.Debug|Any CPU.ActiveCfg = Debug|Any CPU
		{83F16FEE-04EB-4B42-B2D2-77064A6A162A}.Debug|Any CPU.Build.0 = Debug|Any CPU
		{83F16FEE-04EB-4B42-B2D2-77064A6A162A}.Release|Any CPU.ActiveCfg = Release|Any CPU
		{83F16FEE-04EB-4B42-B2D2-77064A6A162A}.Release|Any CPU.Build.0 = Release|Any CPU
		{EDFE1263-9B36-4610-891A-E11ECB75E229}.Debug|Any CPU.ActiveCfg = Debug|Any CPU
		{EDFE1263-9B36-4610-891A-E11ECB75E229}.Debug|Any CPU.Build.0 = Debug|Any CPU
		{EDFE1263-9B36-4610-891A-E11ECB75E229}.Release|Any CPU.ActiveCfg = Release|Any CPU
		{EDFE1263-9B36-4610-891A-E11ECB75E229}.Release|Any CPU.Build.0 = Release|Any CPU
		{EB9D377F-C7F9-4126-9A2F-82587F419405}.Debug|Any CPU.ActiveCfg = Debug|Any CPU
		{EB9D377F-C7F9-4126-9A2F-82587F419405}.Debug|Any CPU.Build.0 = Debug|Any CPU
		{EB9D377F-C7F9-4126-9A2F-82587F419405}.Release|Any CPU.ActiveCfg = Release|Any CPU
		{EB9D377F-C7F9-4126-9A2F-82587F419405}.Release|Any CPU.Build.0 = Release|Any CPU
		{4A9FA756-03BE-4321-A807-84BDEF9D623A}.Debug|Any CPU.ActiveCfg = Debug|Any CPU
		{4A9FA756-03BE-4321-A807-84BDEF9D623A}.Debug|Any CPU.Build.0 = Debug|Any CPU
		{4A9FA756-03BE-4321-A807-84BDEF9D623A}.Release|Any CPU.ActiveCfg = Release|Any CPU
		{4A9FA756-03BE-4321-A807-84BDEF9D623A}.Release|Any CPU.Build.0 = Release|Any CPU
		{299DA28F-D3E4-4B63-AD1F-474B145707BD}.Debug|Any CPU.ActiveCfg = Debug|Any CPU
		{299DA28F-D3E4-4B63-AD1F-474B145707BD}.Debug|Any CPU.Build.0 = Debug|Any CPU
		{299DA28F-D3E4-4B63-AD1F-474B145707BD}.Release|Any CPU.ActiveCfg = Release|Any CPU
		{299DA28F-D3E4-4B63-AD1F-474B145707BD}.Release|Any CPU.Build.0 = Release|Any CPU
		{94833214-902F-49B0-8A4C-F5367F0BD099}.Debug|Any CPU.ActiveCfg = Debug|Any CPU
		{94833214-902F-49B0-8A4C-F5367F0BD099}.Debug|Any CPU.Build.0 = Debug|Any CPU
		{94833214-902F-49B0-8A4C-F5367F0BD099}.Release|Any CPU.ActiveCfg = Release|Any CPU
		{94833214-902F-49B0-8A4C-F5367F0BD099}.Release|Any CPU.Build.0 = Release|Any CPU
		{A2E95414-5C31-4A6A-8831-FBF3DFD653B8}.Debug|Any CPU.ActiveCfg = Debug|Any CPU
		{A2E95414-5C31-4A6A-8831-FBF3DFD653B8}.Debug|Any CPU.Build.0 = Debug|Any CPU
		{A2E95414-5C31-4A6A-8831-FBF3DFD653B8}.Release|Any CPU.ActiveCfg = Release|Any CPU
		{A2E95414-5C31-4A6A-8831-FBF3DFD653B8}.Release|Any CPU.Build.0 = Release|Any CPU
		{E6C5EE64-13A5-41A5-BAE9-EDD2AE7AE1BC}.Debug|Any CPU.ActiveCfg = Debug|Any CPU
		{E6C5EE64-13A5-41A5-BAE9-EDD2AE7AE1BC}.Debug|Any CPU.Build.0 = Debug|Any CPU
		{E6C5EE64-13A5-41A5-BAE9-EDD2AE7AE1BC}.Release|Any CPU.ActiveCfg = Release|Any CPU
		{E6C5EE64-13A5-41A5-BAE9-EDD2AE7AE1BC}.Release|Any CPU.Build.0 = Release|Any CPU
		{E628D053-ED6F-48FA-9154-AE07BA21DC75}.Debug|Any CPU.ActiveCfg = Debug|Any CPU
		{E628D053-ED6F-48FA-9154-AE07BA21DC75}.Debug|Any CPU.Build.0 = Debug|Any CPU
		{E628D053-ED6F-48FA-9154-AE07BA21DC75}.Release|Any CPU.ActiveCfg = Release|Any CPU
		{E628D053-ED6F-48FA-9154-AE07BA21DC75}.Release|Any CPU.Build.0 = Release|Any CPU
	EndGlobalSection
	GlobalSection(SolutionProperties) = preSolution
		HideSolutionNode = FALSE
	EndGlobalSection
	GlobalSection(ExtensibilityGlobals) = postSolution
		SolutionGuid = {AA7DE0D4-ECF9-41D7-8441-BCA7883EB189}
	EndGlobalSection
EndGlobal
